
Microsoft Visual Studio Solution File, Format Version 12.00
# Visual Studio 14
VisualStudioVersion = 14.0.25420.1
MinimumVisualStudioVersion = 10.0.40219.1
Project("{FAE04EC0-301F-11D3-BF4B-00C04F79EFBC}") = "SiteForTanya.WEB", "SiteForTanya.WEB\SiteForTanya.WEB.csproj", "{C641C544-85E8-418F-B373-2784F2A6580E}"
EndProject
Global
	GlobalSection(SolutionConfigurationPlatforms) = preSolution
		Debug|Any CPU = Debug|Any CPU
		Release|Any CPU = Release|Any CPU
	EndGlobalSection
	GlobalSection(ProjectConfigurationPlatforms) = postSolution
		{C641C544-85E8-418F-B373-2784F2A6580E}.Debug|Any CPU.ActiveCfg = Debug|Any CPU
		{C641C544-85E8-418F-B373-2784F2A6580E}.Debug|Any CPU.Build.0 = Debug|Any CPU
		{C641C544-85E8-418F-B373-2784F2A6580E}.Release|Any CPU.ActiveCfg = Release|Any CPU
		{C641C544-85E8-418F-B373-2784F2A6580E}.Release|Any CPU.Build.0 = Release|Any CPU
	EndGlobalSection
	GlobalSection(SolutionProperties) = preSolution
		HideSolutionNode = FALSE
	EndGlobalSection
EndGlobal
